// !$*UTF8*$!
{
	archiveVersion = 1;
	classes = {
	};
	objectVersion = 56;
	objects = {

/* Begin PBXBuildFile section */
		A7053F3B2B96403300A8910B /* Localizable.strings in Resources */ = {isa = PBXBuildFile; fileRef = A7053F3D2B96403300A8910B /* Localizable.strings */; };
		A714DBA22B8236A400CB4557 /* UIColor+HexString.swift in Sources */ = {isa = PBXBuildFile; fileRef = A714DBA12B8236A400CB4557 /* UIColor+HexString.swift */; };
		A75867AC2B752606009A3F6B /* BottomSheetView.swift in Sources */ = {isa = PBXBuildFile; fileRef = A75867AB2B752606009A3F6B /* BottomSheetView.swift */; };
		A75867AE2B754F26009A3F6B /* BirthDateService.swift in Sources */ = {isa = PBXBuildFile; fileRef = A75867AD2B754F26009A3F6B /* BirthDateService.swift */; };
		A794D6722B74217A0025B598 /* String+GroupDigits.swift in Sources */ = {isa = PBXBuildFile; fileRef = A794D6712B74217A0025B598 /* String+GroupDigits.swift */; };
		A7A89DE72B8A10050092CA01 /* AddDateView.swift in Sources */ = {isa = PBXBuildFile; fileRef = A7A89DE62B8A10050092CA01 /* AddDateView.swift */; };
		A7A89DE92B8A11580092CA01 /* AddDateViewModel.swift in Sources */ = {isa = PBXBuildFile; fileRef = A7A89DE82B8A11580092CA01 /* AddDateViewModel.swift */; };
		A7B4ACDC2B952598001E65D8 /* Theme.swift in Sources */ = {isa = PBXBuildFile; fileRef = A7B4ACDB2B952598001E65D8 /* Theme.swift */; };
		A7C70D022B80E86B003628F5 /* BottomSheetViewModel.swift in Sources */ = {isa = PBXBuildFile; fileRef = A7C70D012B80E86B003628F5 /* BottomSheetViewModel.swift */; };
		A7C802432B9CDFA500AC5C5F /* StoreKitManager.swift in Sources */ = {isa = PBXBuildFile; fileRef = A7C802422B9CDFA500AC5C5F /* StoreKitManager.swift */; };
		A7C802452B9CE0C300AC5C5F /* PropertyList.plist in Resources */ = {isa = PBXBuildFile; fileRef = A7C802442B9CE0C300AC5C5F /* PropertyList.plist */; };
		A7C802472B9CE2FC00AC5C5F /* PurchaseView.swift in Sources */ = {isa = PBXBuildFile; fileRef = A7C802462B9CE2FC00AC5C5F /* PurchaseView.swift */; };
		A7C843832B6E6E6600401053 /* RetroArrowView.swift in Sources */ = {isa = PBXBuildFile; fileRef = A7C843822B6E6E6600401053 /* RetroArrowView.swift */; };
		A7C843862B6EB1B800401053 /* AgeService.swift in Sources */ = {isa = PBXBuildFile; fileRef = A7C843852B6EB1B800401053 /* AgeService.swift */; };
		A7C843892B6EB1F100401053 /* AgeInfo.swift in Sources */ = {isa = PBXBuildFile; fileRef = A7C843882B6EB1F100401053 /* AgeInfo.swift */; };
		A7C848EE2B9B8817000FB6EA /* AgeServiceTests.swift in Sources */ = {isa = PBXBuildFile; fileRef = A7C848ED2B9B8817000FB6EA /* AgeServiceTests.swift */; };
		A7D903A62B9394DA00C0987D /* SettingsView.swift in Sources */ = {isa = PBXBuildFile; fileRef = A7D903A52B9394DA00C0987D /* SettingsView.swift */; };
		A7DD17AA2B6C071C00B11946 /* DetailView.swift in Sources */ = {isa = PBXBuildFile; fileRef = A7DD17A92B6C071C00B11946 /* DetailView.swift */; };
		A7DD17AC2B6C072500B11946 /* DetailViewModel.swift in Sources */ = {isa = PBXBuildFile; fileRef = A7DD17AB2B6C072500B11946 /* DetailViewModel.swift */; };
		A7E0A84A2B98E9D700D49DC7 /* SliderView.swift in Sources */ = {isa = PBXBuildFile; fileRef = A7E0A8492B98E9D700D49DC7 /* SliderView.swift */; };
		A7E17A052B976FE0000C816F /* LanguageSettingsView.swift in Sources */ = {isa = PBXBuildFile; fileRef = A7E17A042B976FE0000C816F /* LanguageSettingsView.swift */; };
		A7E17A072B977C70000C816F /* SupportedLanguage.swift in Sources */ = {isa = PBXBuildFile; fileRef = A7E17A062B977C70000C816F /* SupportedLanguage.swift */; };
		A7E17A092B977C97000C816F /* LanguageSettings.swift in Sources */ = {isa = PBXBuildFile; fileRef = A7E17A082B977C97000C816F /* LanguageSettings.swift */; };
		A7E17A0B2B977CB7000C816F /* ColorSettingsView.swift in Sources */ = {isa = PBXBuildFile; fileRef = A7E17A0A2B977CB7000C816F /* ColorSettingsView.swift */; };
		A7E8D1BA2B682F1F0080707F /* RetroView.swift in Sources */ = {isa = PBXBuildFile; fileRef = A7E8D1B92B682F1F0080707F /* RetroView.swift */; };
		A7E8D1C32B6864B10080707F /* HomeViewModel.swift in Sources */ = {isa = PBXBuildFile; fileRef = A7E8D1C22B6864B10080707F /* HomeViewModel.swift */; };
		A7E8D1C52B686A390080707F /* ThemeColors.swift in Sources */ = {isa = PBXBuildFile; fileRef = A7E8D1C42B686A390080707F /* ThemeColors.swift */; };
		A7EFE43C2B5D869A00D13B53 /* AgeCalculatorApp.swift in Sources */ = {isa = PBXBuildFile; fileRef = A7EFE43B2B5D869A00D13B53 /* AgeCalculatorApp.swift */; };
		A7EFE43E2B5D869A00D13B53 /* HomeView.swift in Sources */ = {isa = PBXBuildFile; fileRef = A7EFE43D2B5D869A00D13B53 /* HomeView.swift */; };
		A7EFE4402B5D869B00D13B53 /* Assets.xcassets in Resources */ = {isa = PBXBuildFile; fileRef = A7EFE43F2B5D869B00D13B53 /* Assets.xcassets */; };
		A7EFE4432B5D869B00D13B53 /* Preview Assets.xcassets in Resources */ = {isa = PBXBuildFile; fileRef = A7EFE4422B5D869B00D13B53 /* Preview Assets.xcassets */; };
		A7EFE44D2B5D869B00D13B53 /* AgeCalculatorTests.swift in Sources */ = {isa = PBXBuildFile; fileRef = A7EFE44C2B5D869B00D13B53 /* AgeCalculatorTests.swift */; };
		A7EFE4572B5D869B00D13B53 /* AgeCalculatorUITests.swift in Sources */ = {isa = PBXBuildFile; fileRef = A7EFE4562B5D869B00D13B53 /* AgeCalculatorUITests.swift */; };
		A7EFE4592B5D869B00D13B53 /* AgeCalculatorUITestsLaunchTests.swift in Sources */ = {isa = PBXBuildFile; fileRef = A7EFE4582B5D869B00D13B53 /* AgeCalculatorUITestsLaunchTests.swift */; };
/* End PBXBuildFile section */

/* Begin PBXContainerItemProxy section */
		A7EFE4492B5D869B00D13B53 /* PBXContainerItemProxy */ = {
			isa = PBXContainerItemProxy;
			containerPortal = A7EFE4302B5D869A00D13B53 /* Project object */;
			proxyType = 1;
			remoteGlobalIDString = A7EFE4372B5D869A00D13B53;
			remoteInfo = AgeCalculator;
		};
		A7EFE4532B5D869B00D13B53 /* PBXContainerItemProxy */ = {
			isa = PBXContainerItemProxy;
			containerPortal = A7EFE4302B5D869A00D13B53 /* Project object */;
			proxyType = 1;
			remoteGlobalIDString = A7EFE4372B5D869A00D13B53;
			remoteInfo = AgeCalculator;
		};
/* End PBXContainerItemProxy section */

/* Begin PBXFileReference section */
		A7053F3C2B96403300A8910B /* tr */ = {isa = PBXFileReference; lastKnownFileType = text.plist.strings; name = tr; path = tr.lproj/Localizable.strings; sourceTree = "<group>"; };
		A7053F3E2B96403500A8910B /* en */ = {isa = PBXFileReference; lastKnownFileType = text.plist.strings; name = en; path = en.lproj/Localizable.strings; sourceTree = "<group>"; };
		A714DBA12B8236A400CB4557 /* UIColor+HexString.swift */ = {isa = PBXFileReference; lastKnownFileType = sourcecode.swift; path = "UIColor+HexString.swift"; sourceTree = "<group>"; };
		A75867AB2B752606009A3F6B /* BottomSheetView.swift */ = {isa = PBXFileReference; lastKnownFileType = sourcecode.swift; path = BottomSheetView.swift; sourceTree = "<group>"; };
		A75867AD2B754F26009A3F6B /* BirthDateService.swift */ = {isa = PBXFileReference; lastKnownFileType = sourcecode.swift; path = BirthDateService.swift; sourceTree = "<group>"; };
		A794D6712B74217A0025B598 /* String+GroupDigits.swift */ = {isa = PBXFileReference; lastKnownFileType = sourcecode.swift; path = "String+GroupDigits.swift"; sourceTree = "<group>"; };
		A7A89DE62B8A10050092CA01 /* AddDateView.swift */ = {isa = PBXFileReference; lastKnownFileType = sourcecode.swift; path = AddDateView.swift; sourceTree = "<group>"; };
		A7A89DE82B8A11580092CA01 /* AddDateViewModel.swift */ = {isa = PBXFileReference; lastKnownFileType = sourcecode.swift; path = AddDateViewModel.swift; sourceTree = "<group>"; };
		A7B4ACDB2B952598001E65D8 /* Theme.swift */ = {isa = PBXFileReference; lastKnownFileType = sourcecode.swift; path = Theme.swift; sourceTree = "<group>"; };
		A7C70D012B80E86B003628F5 /* BottomSheetViewModel.swift */ = {isa = PBXFileReference; lastKnownFileType = sourcecode.swift; path = BottomSheetViewModel.swift; sourceTree = "<group>"; };
		A7C802412B9CDEF000AC5C5F /* Product.storekit */ = {isa = PBXFileReference; lastKnownFileType = text; path = Product.storekit; sourceTree = "<group>"; };
		A7C802422B9CDFA500AC5C5F /* StoreKitManager.swift */ = {isa = PBXFileReference; lastKnownFileType = sourcecode.swift; path = StoreKitManager.swift; sourceTree = "<group>"; };
		A7C802442B9CE0C300AC5C5F /* PropertyList.plist */ = {isa = PBXFileReference; lastKnownFileType = text.plist.xml; path = PropertyList.plist; sourceTree = "<group>"; };
		A7C802462B9CE2FC00AC5C5F /* PurchaseView.swift */ = {isa = PBXFileReference; lastKnownFileType = sourcecode.swift; path = PurchaseView.swift; sourceTree = "<group>"; };
		A7C843822B6E6E6600401053 /* RetroArrowView.swift */ = {isa = PBXFileReference; lastKnownFileType = sourcecode.swift; path = RetroArrowView.swift; sourceTree = "<group>"; };
		A7C843852B6EB1B800401053 /* AgeService.swift */ = {isa = PBXFileReference; lastKnownFileType = sourcecode.swift; path = AgeService.swift; sourceTree = "<group>"; };
		A7C843882B6EB1F100401053 /* AgeInfo.swift */ = {isa = PBXFileReference; lastKnownFileType = sourcecode.swift; path = AgeInfo.swift; sourceTree = "<group>"; };
		A7C848ED2B9B8817000FB6EA /* AgeServiceTests.swift */ = {isa = PBXFileReference; lastKnownFileType = sourcecode.swift; path = AgeServiceTests.swift; sourceTree = "<group>"; };
		A7D903A52B9394DA00C0987D /* SettingsView.swift */ = {isa = PBXFileReference; lastKnownFileType = sourcecode.swift; path = SettingsView.swift; sourceTree = "<group>"; };
		A7DD17A92B6C071C00B11946 /* DetailView.swift */ = {isa = PBXFileReference; lastKnownFileType = sourcecode.swift; path = DetailView.swift; sourceTree = "<group>"; };
		A7DD17AB2B6C072500B11946 /* DetailViewModel.swift */ = {isa = PBXFileReference; lastKnownFileType = sourcecode.swift; path = DetailViewModel.swift; sourceTree = "<group>"; };
		A7E0A8492B98E9D700D49DC7 /* SliderView.swift */ = {isa = PBXFileReference; lastKnownFileType = sourcecode.swift; path = SliderView.swift; sourceTree = "<group>"; };
		A7E17A042B976FE0000C816F /* LanguageSettingsView.swift */ = {isa = PBXFileReference; lastKnownFileType = sourcecode.swift; path = LanguageSettingsView.swift; sourceTree = "<group>"; };
		A7E17A062B977C70000C816F /* SupportedLanguage.swift */ = {isa = PBXFileReference; lastKnownFileType = sourcecode.swift; path = SupportedLanguage.swift; sourceTree = "<group>"; };
		A7E17A082B977C97000C816F /* LanguageSettings.swift */ = {isa = PBXFileReference; lastKnownFileType = sourcecode.swift; path = LanguageSettings.swift; sourceTree = "<group>"; };
		A7E17A0A2B977CB7000C816F /* ColorSettingsView.swift */ = {isa = PBXFileReference; lastKnownFileType = sourcecode.swift; path = ColorSettingsView.swift; sourceTree = "<group>"; };
		A7E8D1B92B682F1F0080707F /* RetroView.swift */ = {isa = PBXFileReference; lastKnownFileType = sourcecode.swift; path = RetroView.swift; sourceTree = "<group>"; };
		A7E8D1C22B6864B10080707F /* HomeViewModel.swift */ = {isa = PBXFileReference; lastKnownFileType = sourcecode.swift; path = HomeViewModel.swift; sourceTree = "<group>"; };
		A7E8D1C42B686A390080707F /* ThemeColors.swift */ = {isa = PBXFileReference; lastKnownFileType = sourcecode.swift; path = ThemeColors.swift; sourceTree = "<group>"; };
		A7EFE4382B5D869A00D13B53 /* AgeCalculator.app */ = {isa = PBXFileReference; explicitFileType = wrapper.application; includeInIndex = 0; path = AgeCalculator.app; sourceTree = BUILT_PRODUCTS_DIR; };
		A7EFE43B2B5D869A00D13B53 /* AgeCalculatorApp.swift */ = {isa = PBXFileReference; lastKnownFileType = sourcecode.swift; path = AgeCalculatorApp.swift; sourceTree = "<group>"; };
		A7EFE43D2B5D869A00D13B53 /* HomeView.swift */ = {isa = PBXFileReference; lastKnownFileType = sourcecode.swift; path = HomeView.swift; sourceTree = "<group>"; };
		A7EFE43F2B5D869B00D13B53 /* Assets.xcassets */ = {isa = PBXFileReference; lastKnownFileType = folder.assetcatalog; path = Assets.xcassets; sourceTree = "<group>"; };
		A7EFE4422B5D869B00D13B53 /* Preview Assets.xcassets */ = {isa = PBXFileReference; lastKnownFileType = folder.assetcatalog; path = "Preview Assets.xcassets"; sourceTree = "<group>"; };
		A7EFE4482B5D869B00D13B53 /* AgeCalculatorTests.xctest */ = {isa = PBXFileReference; explicitFileType = wrapper.cfbundle; includeInIndex = 0; path = AgeCalculatorTests.xctest; sourceTree = BUILT_PRODUCTS_DIR; };
		A7EFE44C2B5D869B00D13B53 /* AgeCalculatorTests.swift */ = {isa = PBXFileReference; lastKnownFileType = sourcecode.swift; path = AgeCalculatorTests.swift; sourceTree = "<group>"; };
		A7EFE4522B5D869B00D13B53 /* AgeCalculatorUITests.xctest */ = {isa = PBXFileReference; explicitFileType = wrapper.cfbundle; includeInIndex = 0; path = AgeCalculatorUITests.xctest; sourceTree = BUILT_PRODUCTS_DIR; };
		A7EFE4562B5D869B00D13B53 /* AgeCalculatorUITests.swift */ = {isa = PBXFileReference; lastKnownFileType = sourcecode.swift; path = AgeCalculatorUITests.swift; sourceTree = "<group>"; };
		A7EFE4582B5D869B00D13B53 /* AgeCalculatorUITestsLaunchTests.swift */ = {isa = PBXFileReference; lastKnownFileType = sourcecode.swift; path = AgeCalculatorUITestsLaunchTests.swift; sourceTree = "<group>"; };
/* End PBXFileReference section */

/* Begin PBXFrameworksBuildPhase section */
		A7EFE4352B5D869A00D13B53 /* Frameworks */ = {
			isa = PBXFrameworksBuildPhase;
			buildActionMask = 2147483647;
			files = (
			);
			runOnlyForDeploymentPostprocessing = 0;
		};
		A7EFE4452B5D869B00D13B53 /* Frameworks */ = {
			isa = PBXFrameworksBuildPhase;
			buildActionMask = 2147483647;
			files = (
			);
			runOnlyForDeploymentPostprocessing = 0;
		};
		A7EFE44F2B5D869B00D13B53 /* Frameworks */ = {
			isa = PBXFrameworksBuildPhase;
			buildActionMask = 2147483647;
			files = (
			);
			runOnlyForDeploymentPostprocessing = 0;
		};
/* End PBXFrameworksBuildPhase section */

/* Begin PBXGroup section */
		A794D6702B7421680025B598 /* Extension */ = {
			isa = PBXGroup;
			children = (
				A794D6712B74217A0025B598 /* String+GroupDigits.swift */,
				A714DBA12B8236A400CB4557 /* UIColor+HexString.swift */,
			);
			path = Extension;
			sourceTree = "<group>";
		};
		A7C843872B6EB1E700401053 /* Services */ = {
			isa = PBXGroup;
			children = (
				A7C843852B6EB1B800401053 /* AgeService.swift */,
				A75867AD2B754F26009A3F6B /* BirthDateService.swift */,
				A7E17A082B977C97000C816F /* LanguageSettings.swift */,
				A7C802422B9CDFA500AC5C5F /* StoreKitManager.swift */,
			);
			path = Services;
			sourceTree = "<group>";
		};
		A7D903A42B93941600C0987D /* Settings */ = {
			isa = PBXGroup;
			children = (
				A7D903A52B9394DA00C0987D /* SettingsView.swift */,
				A7E17A042B976FE0000C816F /* LanguageSettingsView.swift */,
				A7E17A0A2B977CB7000C816F /* ColorSettingsView.swift */,
				A7C802462B9CE2FC00AC5C5F /* PurchaseView.swift */,
			);
			path = Settings;
			sourceTree = "<group>";
		};
		A7DD17A82B6C070D00B11946 /* Detail */ = {
			isa = PBXGroup;
			children = (
				A7DD17A92B6C071C00B11946 /* DetailView.swift */,
				A7DD17AB2B6C072500B11946 /* DetailViewModel.swift */,
			);
			path = Detail;
			sourceTree = "<group>";
		};
		A7E8D1BB2B6863690080707F /* App */ = {
			isa = PBXGroup;
			children = (
				A7EFE43B2B5D869A00D13B53 /* AgeCalculatorApp.swift */,
			);
			path = App;
			sourceTree = "<group>";
		};
		A7E8D1BC2B6863710080707F /* Features */ = {
			isa = PBXGroup;
			children = (
				A7E8D1C12B6863CD0080707F /* Home */,
				A7D903A42B93941600C0987D /* Settings */,
				A7DD17A82B6C070D00B11946 /* Detail */,
			);
			path = Features;
			sourceTree = "<group>";
		};
		A7E8D1BD2B68637D0080707F /* Views */ = {
			isa = PBXGroup;
			children = (
				A7E8D1B92B682F1F0080707F /* RetroView.swift */,
				A7C843822B6E6E6600401053 /* RetroArrowView.swift */,
				A75867AB2B752606009A3F6B /* BottomSheetView.swift */,
				A7C70D012B80E86B003628F5 /* BottomSheetViewModel.swift */,
				A7A89DE62B8A10050092CA01 /* AddDateView.swift */,
				A7A89DE82B8A11580092CA01 /* AddDateViewModel.swift */,
				A7E0A8492B98E9D700D49DC7 /* SliderView.swift */,
			);
			path = Views;
			sourceTree = "<group>";
		};
		A7E8D1BE2B6863890080707F /* Utils */ = {
			isa = PBXGroup;
			children = (
				A794D6702B7421680025B598 /* Extension */,
				A7C843872B6EB1E700401053 /* Services */,
				A7E8D1C02B6863C40080707F /* Models */,
			);
			path = Utils;
			sourceTree = "<group>";
		};
		A7E8D1BF2B68639A0080707F /* Resources */ = {
			isa = PBXGroup;
			children = (
				A7EFE43F2B5D869B00D13B53 /* Assets.xcassets */,
				A7E8D1C42B686A390080707F /* ThemeColors.swift */,
				A7B4ACDB2B952598001E65D8 /* Theme.swift */,
				A7053F3D2B96403300A8910B /* Localizable.strings */,
			);
			path = Resources;
			sourceTree = "<group>";
		};
		A7E8D1C02B6863C40080707F /* Models */ = {
			isa = PBXGroup;
			children = (
				A7C843882B6EB1F100401053 /* AgeInfo.swift */,
				A7E17A062B977C70000C816F /* SupportedLanguage.swift */,
			);
			path = Models;
			sourceTree = "<group>";
		};
		A7E8D1C12B6863CD0080707F /* Home */ = {
			isa = PBXGroup;
			children = (
				A7EFE43D2B5D869A00D13B53 /* HomeView.swift */,
				A7E8D1C22B6864B10080707F /* HomeViewModel.swift */,
			);
			path = Home;
			sourceTree = "<group>";
		};
		A7EFE42F2B5D869A00D13B53 = {
			isa = PBXGroup;
			children = (
				A7EFE43A2B5D869A00D13B53 /* AgeCalculator */,
				A7EFE44B2B5D869B00D13B53 /* AgeCalculatorTests */,
				A7EFE4552B5D869B00D13B53 /* AgeCalculatorUITests */,
				A7EFE4392B5D869A00D13B53 /* Products */,
			);
			sourceTree = "<group>";
		};
		A7EFE4392B5D869A00D13B53 /* Products */ = {
			isa = PBXGroup;
			children = (
				A7EFE4382B5D869A00D13B53 /* AgeCalculator.app */,
				A7EFE4482B5D869B00D13B53 /* AgeCalculatorTests.xctest */,
				A7EFE4522B5D869B00D13B53 /* AgeCalculatorUITests.xctest */,
			);
			name = Products;
			sourceTree = "<group>";
		};
		A7EFE43A2B5D869A00D13B53 /* AgeCalculator */ = {
			isa = PBXGroup;
			children = (
				A7E8D1BB2B6863690080707F /* App */,
				A7E8D1BC2B6863710080707F /* Features */,
				A7E8D1BD2B68637D0080707F /* Views */,
				A7E8D1BE2B6863890080707F /* Utils */,
				A7E8D1BF2B68639A0080707F /* Resources */,
				A7EFE4412B5D869B00D13B53 /* Preview Content */,
				A7C802412B9CDEF000AC5C5F /* Product.storekit */,
				A7C802442B9CE0C300AC5C5F /* PropertyList.plist */,
			);
			path = AgeCalculator;
			sourceTree = "<group>";
		};
		A7EFE4412B5D869B00D13B53 /* Preview Content */ = {
			isa = PBXGroup;
			children = (
				A7EFE4422B5D869B00D13B53 /* Preview Assets.xcassets */,
			);
			path = "Preview Content";
			sourceTree = "<group>";
		};
		A7EFE44B2B5D869B00D13B53 /* AgeCalculatorTests */ = {
			isa = PBXGroup;
			children = (
				A7EFE44C2B5D869B00D13B53 /* AgeCalculatorTests.swift */,
				A7C848ED2B9B8817000FB6EA /* AgeServiceTests.swift */,
			);
			path = AgeCalculatorTests;
			sourceTree = "<group>";
		};
		A7EFE4552B5D869B00D13B53 /* AgeCalculatorUITests */ = {
			isa = PBXGroup;
			children = (
				A7EFE4562B5D869B00D13B53 /* AgeCalculatorUITests.swift */,
				A7EFE4582B5D869B00D13B53 /* AgeCalculatorUITestsLaunchTests.swift */,
			);
			path = AgeCalculatorUITests;
			sourceTree = "<group>";
		};
/* End PBXGroup section */

/* Begin PBXNativeTarget section */
		A7EFE4372B5D869A00D13B53 /* AgeCalculator */ = {
			isa = PBXNativeTarget;
			buildConfigurationList = A7EFE45C2B5D869B00D13B53 /* Build configuration list for PBXNativeTarget "AgeCalculator" */;
			buildPhases = (
				A7EFE4342B5D869A00D13B53 /* Sources */,
				A7EFE4352B5D869A00D13B53 /* Frameworks */,
				A7EFE4362B5D869A00D13B53 /* Resources */,
			);
			buildRules = (
			);
			dependencies = (
			);
			name = AgeCalculator;
			productName = AgeCalculator;
			productReference = A7EFE4382B5D869A00D13B53 /* AgeCalculator.app */;
			productType = "com.apple.product-type.application";
		};
		A7EFE4472B5D869B00D13B53 /* AgeCalculatorTests */ = {
			isa = PBXNativeTarget;
			buildConfigurationList = A7EFE45F2B5D869B00D13B53 /* Build configuration list for PBXNativeTarget "AgeCalculatorTests" */;
			buildPhases = (
				A7EFE4442B5D869B00D13B53 /* Sources */,
				A7EFE4452B5D869B00D13B53 /* Frameworks */,
				A7EFE4462B5D869B00D13B53 /* Resources */,
			);
			buildRules = (
			);
			dependencies = (
				A7EFE44A2B5D869B00D13B53 /* PBXTargetDependency */,
			);
			name = AgeCalculatorTests;
			productName = AgeCalculatorTests;
			productReference = A7EFE4482B5D869B00D13B53 /* AgeCalculatorTests.xctest */;
			productType = "com.apple.product-type.bundle.unit-test";
		};
		A7EFE4512B5D869B00D13B53 /* AgeCalculatorUITests */ = {
			isa = PBXNativeTarget;
			buildConfigurationList = A7EFE4622B5D869B00D13B53 /* Build configuration list for PBXNativeTarget "AgeCalculatorUITests" */;
			buildPhases = (
				A7EFE44E2B5D869B00D13B53 /* Sources */,
				A7EFE44F2B5D869B00D13B53 /* Frameworks */,
				A7EFE4502B5D869B00D13B53 /* Resources */,
			);
			buildRules = (
			);
			dependencies = (
				A7EFE4542B5D869B00D13B53 /* PBXTargetDependency */,
			);
			name = AgeCalculatorUITests;
			productName = AgeCalculatorUITests;
			productReference = A7EFE4522B5D869B00D13B53 /* AgeCalculatorUITests.xctest */;
			productType = "com.apple.product-type.bundle.ui-testing";
		};
/* End PBXNativeTarget section */

/* Begin PBXProject section */
		A7EFE4302B5D869A00D13B53 /* Project object */ = {
			isa = PBXProject;
			attributes = {
				BuildIndependentTargetsInParallel = 1;
				LastSwiftUpdateCheck = 1520;
				LastUpgradeCheck = 1520;
				TargetAttributes = {
					A7EFE4372B5D869A00D13B53 = {
						CreatedOnToolsVersion = 15.2;
					};
					A7EFE4472B5D869B00D13B53 = {
						CreatedOnToolsVersion = 15.2;
						TestTargetID = A7EFE4372B5D869A00D13B53;
					};
					A7EFE4512B5D869B00D13B53 = {
						CreatedOnToolsVersion = 15.2;
						TestTargetID = A7EFE4372B5D869A00D13B53;
					};
				};
			};
			buildConfigurationList = A7EFE4332B5D869A00D13B53 /* Build configuration list for PBXProject "AgeCalculator" */;
			compatibilityVersion = "Xcode 14.0";
			developmentRegion = en;
			hasScannedForEncodings = 0;
			knownRegions = (
				en,
				Base,
				tr,
			);
			mainGroup = A7EFE42F2B5D869A00D13B53;
			productRefGroup = A7EFE4392B5D869A00D13B53 /* Products */;
			projectDirPath = "";
			projectRoot = "";
			targets = (
				A7EFE4372B5D869A00D13B53 /* AgeCalculator */,
				A7EFE4472B5D869B00D13B53 /* AgeCalculatorTests */,
				A7EFE4512B5D869B00D13B53 /* AgeCalculatorUITests */,
			);
		};
/* End PBXProject section */

/* Begin PBXResourcesBuildPhase section */
		A7EFE4362B5D869A00D13B53 /* Resources */ = {
			isa = PBXResourcesBuildPhase;
			buildActionMask = 2147483647;
			files = (
				A7EFE4432B5D869B00D13B53 /* Preview Assets.xcassets in Resources */,
				A7C802452B9CE0C300AC5C5F /* PropertyList.plist in Resources */,
				A7053F3B2B96403300A8910B /* Localizable.strings in Resources */,
				A7EFE4402B5D869B00D13B53 /* Assets.xcassets in Resources */,
			);
			runOnlyForDeploymentPostprocessing = 0;
		};
		A7EFE4462B5D869B00D13B53 /* Resources */ = {
			isa = PBXResourcesBuildPhase;
			buildActionMask = 2147483647;
			files = (
			);
			runOnlyForDeploymentPostprocessing = 0;
		};
		A7EFE4502B5D869B00D13B53 /* Resources */ = {
			isa = PBXResourcesBuildPhase;
			buildActionMask = 2147483647;
			files = (
			);
			runOnlyForDeploymentPostprocessing = 0;
		};
/* End PBXResourcesBuildPhase section */

/* Begin PBXSourcesBuildPhase section */
		A7EFE4342B5D869A00D13B53 /* Sources */ = {
			isa = PBXSourcesBuildPhase;
			buildActionMask = 2147483647;
			files = (
				A7E17A0B2B977CB7000C816F /* ColorSettingsView.swift in Sources */,
				A7E8D1BA2B682F1F0080707F /* RetroView.swift in Sources */,
				A75867AE2B754F26009A3F6B /* BirthDateService.swift in Sources */,
				A7C843832B6E6E6600401053 /* RetroArrowView.swift in Sources */,
				A7D903A62B9394DA00C0987D /* SettingsView.swift in Sources */,
				A714DBA22B8236A400CB4557 /* UIColor+HexString.swift in Sources */,
				A794D6722B74217A0025B598 /* String+GroupDigits.swift in Sources */,
				A7C843862B6EB1B800401053 /* AgeService.swift in Sources */,
				A7C70D022B80E86B003628F5 /* BottomSheetViewModel.swift in Sources */,
				A7C802472B9CE2FC00AC5C5F /* PurchaseView.swift in Sources */,
				A7E0A84A2B98E9D700D49DC7 /* SliderView.swift in Sources */,
				A7DD17AA2B6C071C00B11946 /* DetailView.swift in Sources */,
				A75867AC2B752606009A3F6B /* BottomSheetView.swift in Sources */,
				A7E17A072B977C70000C816F /* SupportedLanguage.swift in Sources */,
				A7DD17AC2B6C072500B11946 /* DetailViewModel.swift in Sources */,
				A7E8D1C52B686A390080707F /* ThemeColors.swift in Sources */,
				A7EFE43E2B5D869A00D13B53 /* HomeView.swift in Sources */,
				A7E17A052B976FE0000C816F /* LanguageSettingsView.swift in Sources */,
				A7B4ACDC2B952598001E65D8 /* Theme.swift in Sources */,
				A7EFE43C2B5D869A00D13B53 /* AgeCalculatorApp.swift in Sources */,
				A7E8D1C32B6864B10080707F /* HomeViewModel.swift in Sources */,
				A7A89DE72B8A10050092CA01 /* AddDateView.swift in Sources */,
				A7A89DE92B8A11580092CA01 /* AddDateViewModel.swift in Sources */,
				A7E17A092B977C97000C816F /* LanguageSettings.swift in Sources */,
				A7C843892B6EB1F100401053 /* AgeInfo.swift in Sources */,
				A7C802432B9CDFA500AC5C5F /* StoreKitManager.swift in Sources */,
			);
			runOnlyForDeploymentPostprocessing = 0;
		};
		A7EFE4442B5D869B00D13B53 /* Sources */ = {
			isa = PBXSourcesBuildPhase;
			buildActionMask = 2147483647;
			files = (
				A7EFE44D2B5D869B00D13B53 /* AgeCalculatorTests.swift in Sources */,
				A7C848EE2B9B8817000FB6EA /* AgeServiceTests.swift in Sources */,
			);
			runOnlyForDeploymentPostprocessing = 0;
		};
		A7EFE44E2B5D869B00D13B53 /* Sources */ = {
			isa = PBXSourcesBuildPhase;
			buildActionMask = 2147483647;
			files = (
				A7EFE4592B5D869B00D13B53 /* AgeCalculatorUITestsLaunchTests.swift in Sources */,
				A7EFE4572B5D869B00D13B53 /* AgeCalculatorUITests.swift in Sources */,
			);
			runOnlyForDeploymentPostprocessing = 0;
		};
/* End PBXSourcesBuildPhase section */

/* Begin PBXTargetDependency section */
		A7EFE44A2B5D869B00D13B53 /* PBXTargetDependency */ = {
			isa = PBXTargetDependency;
			target = A7EFE4372B5D869A00D13B53 /* AgeCalculator */;
			targetProxy = A7EFE4492B5D869B00D13B53 /* PBXContainerItemProxy */;
		};
		A7EFE4542B5D869B00D13B53 /* PBXTargetDependency */ = {
			isa = PBXTargetDependency;
			target = A7EFE4372B5D869A00D13B53 /* AgeCalculator */;
			targetProxy = A7EFE4532B5D869B00D13B53 /* PBXContainerItemProxy */;
		};
/* End PBXTargetDependency section */

/* Begin PBXVariantGroup section */
		A7053F3D2B96403300A8910B /* Localizable.strings */ = {
			isa = PBXVariantGroup;
			children = (
				A7053F3C2B96403300A8910B /* tr */,
				A7053F3E2B96403500A8910B /* en */,
			);
			name = Localizable.strings;
			sourceTree = "<group>";
		};
/* End PBXVariantGroup section */

/* Begin XCBuildConfiguration section */
		A7EFE45A2B5D869B00D13B53 /* Debug */ = {
			isa = XCBuildConfiguration;
			buildSettings = {
				ALWAYS_SEARCH_USER_PATHS = NO;
				ASSETCATALOG_COMPILER_GENERATE_SWIFT_ASSET_SYMBOL_EXTENSIONS = YES;
				CLANG_ANALYZER_NONNULL = YES;
				CLANG_ANALYZER_NUMBER_OBJECT_CONVERSION = YES_AGGRESSIVE;
				CLANG_CXX_LANGUAGE_STANDARD = "gnu++20";
				CLANG_ENABLE_MODULES = YES;
				CLANG_ENABLE_OBJC_ARC = YES;
				CLANG_ENABLE_OBJC_WEAK = YES;
				CLANG_WARN_BLOCK_CAPTURE_AUTORELEASING = YES;
				CLANG_WARN_BOOL_CONVERSION = YES;
				CLANG_WARN_COMMA = YES;
				CLANG_WARN_CONSTANT_CONVERSION = YES;
				CLANG_WARN_DEPRECATED_OBJC_IMPLEMENTATIONS = YES;
				CLANG_WARN_DIRECT_OBJC_ISA_USAGE = YES_ERROR;
				CLANG_WARN_DOCUMENTATION_COMMENTS = YES;
				CLANG_WARN_EMPTY_BODY = YES;
				CLANG_WARN_ENUM_CONVERSION = YES;
				CLANG_WARN_INFINITE_RECURSION = YES;
				CLANG_WARN_INT_CONVERSION = YES;
				CLANG_WARN_NON_LITERAL_NULL_CONVERSION = YES;
				CLANG_WARN_OBJC_IMPLICIT_RETAIN_SELF = YES;
				CLANG_WARN_OBJC_LITERAL_CONVERSION = YES;
				CLANG_WARN_OBJC_ROOT_CLASS = YES_ERROR;
				CLANG_WARN_QUOTED_INCLUDE_IN_FRAMEWORK_HEADER = YES;
				CLANG_WARN_RANGE_LOOP_ANALYSIS = YES;
				CLANG_WARN_STRICT_PROTOTYPES = YES;
				CLANG_WARN_SUSPICIOUS_MOVE = YES;
				CLANG_WARN_UNGUARDED_AVAILABILITY = YES_AGGRESSIVE;
				CLANG_WARN_UNREACHABLE_CODE = YES;
				CLANG_WARN__DUPLICATE_METHOD_MATCH = YES;
				COPY_PHASE_STRIP = NO;
				DEBUG_INFORMATION_FORMAT = dwarf;
				ENABLE_STRICT_OBJC_MSGSEND = YES;
				ENABLE_TESTABILITY = YES;
				ENABLE_USER_SCRIPT_SANDBOXING = YES;
				GCC_C_LANGUAGE_STANDARD = gnu17;
				GCC_DYNAMIC_NO_PIC = NO;
				GCC_NO_COMMON_BLOCKS = YES;
				GCC_OPTIMIZATION_LEVEL = 0;
				GCC_PREPROCESSOR_DEFINITIONS = (
					"DEBUG=1",
					"$(inherited)",
				);
				GCC_WARN_64_TO_32_BIT_CONVERSION = YES;
				GCC_WARN_ABOUT_RETURN_TYPE = YES_ERROR;
				GCC_WARN_UNDECLARED_SELECTOR = YES;
				GCC_WARN_UNINITIALIZED_AUTOS = YES_AGGRESSIVE;
				GCC_WARN_UNUSED_FUNCTION = YES;
				GCC_WARN_UNUSED_VARIABLE = YES;
				IPHONEOS_DEPLOYMENT_TARGET = 17.2;
				LOCALIZATION_PREFERS_STRING_CATALOGS = YES;
				MTL_ENABLE_DEBUG_INFO = INCLUDE_SOURCE;
				MTL_FAST_MATH = YES;
				ONLY_ACTIVE_ARCH = YES;
				SDKROOT = iphoneos;
				SWIFT_ACTIVE_COMPILATION_CONDITIONS = "DEBUG $(inherited)";
				SWIFT_OPTIMIZATION_LEVEL = "-Onone";
			};
			name = Debug;
		};
		A7EFE45B2B5D869B00D13B53 /* Release */ = {
			isa = XCBuildConfiguration;
			buildSettings = {
				ALWAYS_SEARCH_USER_PATHS = NO;
				ASSETCATALOG_COMPILER_GENERATE_SWIFT_ASSET_SYMBOL_EXTENSIONS = YES;
				CLANG_ANALYZER_NONNULL = YES;
				CLANG_ANALYZER_NUMBER_OBJECT_CONVERSION = YES_AGGRESSIVE;
				CLANG_CXX_LANGUAGE_STANDARD = "gnu++20";
				CLANG_ENABLE_MODULES = YES;
				CLANG_ENABLE_OBJC_ARC = YES;
				CLANG_ENABLE_OBJC_WEAK = YES;
				CLANG_WARN_BLOCK_CAPTURE_AUTORELEASING = YES;
				CLANG_WARN_BOOL_CONVERSION = YES;
				CLANG_WARN_COMMA = YES;
				CLANG_WARN_CONSTANT_CONVERSION = YES;
				CLANG_WARN_DEPRECATED_OBJC_IMPLEMENTATIONS = YES;
				CLANG_WARN_DIRECT_OBJC_ISA_USAGE = YES_ERROR;
				CLANG_WARN_DOCUMENTATION_COMMENTS = YES;
				CLANG_WARN_EMPTY_BODY = YES;
				CLANG_WARN_ENUM_CONVERSION = YES;
				CLANG_WARN_INFINITE_RECURSION = YES;
				CLANG_WARN_INT_CONVERSION = YES;
				CLANG_WARN_NON_LITERAL_NULL_CONVERSION = YES;
				CLANG_WARN_OBJC_IMPLICIT_RETAIN_SELF = YES;
				CLANG_WARN_OBJC_LITERAL_CONVERSION = YES;
				CLANG_WARN_OBJC_ROOT_CLASS = YES_ERROR;
				CLANG_WARN_QUOTED_INCLUDE_IN_FRAMEWORK_HEADER = YES;
				CLANG_WARN_RANGE_LOOP_ANALYSIS = YES;
				CLANG_WARN_STRICT_PROTOTYPES = YES;
				CLANG_WARN_SUSPICIOUS_MOVE = YES;
				CLANG_WARN_UNGUARDED_AVAILABILITY = YES_AGGRESSIVE;
				CLANG_WARN_UNREACHABLE_CODE = YES;
				CLANG_WARN__DUPLICATE_METHOD_MATCH = YES;
				COPY_PHASE_STRIP = NO;
				DEBUG_INFORMATION_FORMAT = "dwarf-with-dsym";
				ENABLE_NS_ASSERTIONS = NO;
				ENABLE_STRICT_OBJC_MSGSEND = YES;
				ENABLE_USER_SCRIPT_SANDBOXING = YES;
				GCC_C_LANGUAGE_STANDARD = gnu17;
				GCC_NO_COMMON_BLOCKS = YES;
				GCC_WARN_64_TO_32_BIT_CONVERSION = YES;
				GCC_WARN_ABOUT_RETURN_TYPE = YES_ERROR;
				GCC_WARN_UNDECLARED_SELECTOR = YES;
				GCC_WARN_UNINITIALIZED_AUTOS = YES_AGGRESSIVE;
				GCC_WARN_UNUSED_FUNCTION = YES;
				GCC_WARN_UNUSED_VARIABLE = YES;
				IPHONEOS_DEPLOYMENT_TARGET = 17.2;
				LOCALIZATION_PREFERS_STRING_CATALOGS = YES;
				MTL_ENABLE_DEBUG_INFO = NO;
				MTL_FAST_MATH = YES;
				SDKROOT = iphoneos;
				SWIFT_COMPILATION_MODE = wholemodule;
				VALIDATE_PRODUCT = YES;
			};
			name = Release;
		};
		A7EFE45D2B5D869B00D13B53 /* Debug */ = {
			isa = XCBuildConfiguration;
			buildSettings = {
				ASSETCATALOG_COMPILER_APPICON_NAME = AppIcon;
				ASSETCATALOG_COMPILER_GLOBAL_ACCENT_COLOR_NAME = AccentColor;
				CODE_SIGN_STYLE = Automatic;
				CURRENT_PROJECT_VERSION = 1;
				DEVELOPMENT_ASSET_PATHS = "\"AgeCalculator/Preview Content\"";
				DEVELOPMENT_TEAM = RZB5WTQ7UH;
				ENABLE_PREVIEWS = YES;
				GENERATE_INFOPLIST_FILE = YES;
				INFOPLIST_KEY_UIApplicationSceneManifest_Generation = YES;
				INFOPLIST_KEY_UIApplicationSupportsIndirectInputEvents = YES;
				INFOPLIST_KEY_UILaunchScreen_Generation = YES;
				INFOPLIST_KEY_UISupportedInterfaceOrientations_iPad = "UIInterfaceOrientationPortrait UIInterfaceOrientationPortraitUpsideDown UIInterfaceOrientationLandscapeLeft UIInterfaceOrientationLandscapeRight";
				INFOPLIST_KEY_UISupportedInterfaceOrientations_iPhone = "UIInterfaceOrientationPortrait UIInterfaceOrientationLandscapeLeft UIInterfaceOrientationLandscapeRight";
				LD_RUNPATH_SEARCH_PATHS = (
					"$(inherited)",
					"@executable_path/Frameworks",
				);
				MARKETING_VERSION = 1.0;
				PRODUCT_BUNDLE_IDENTIFIER = com.ageCalculator;
				PRODUCT_NAME = "$(TARGET_NAME)";
				SWIFT_EMIT_LOC_STRINGS = YES;
				SWIFT_VERSION = 5.0;
				TARGETED_DEVICE_FAMILY = "1,2";
			};
			name = Debug;
		};
		A7EFE45E2B5D869B00D13B53 /* Release */ = {
			isa = XCBuildConfiguration;
			buildSettings = {
				ASSETCATALOG_COMPILER_APPICON_NAME = AppIcon;
				ASSETCATALOG_COMPILER_GLOBAL_ACCENT_COLOR_NAME = AccentColor;
				CODE_SIGN_STYLE = Automatic;
				CURRENT_PROJECT_VERSION = 1;
				DEVELOPMENT_ASSET_PATHS = "\"AgeCalculator/Preview Content\"";
				DEVELOPMENT_TEAM = RZB5WTQ7UH;
				ENABLE_PREVIEWS = YES;
				GENERATE_INFOPLIST_FILE = YES;
				INFOPLIST_KEY_UIApplicationSceneManifest_Generation = YES;
				INFOPLIST_KEY_UIApplicationSupportsIndirectInputEvents = YES;
				INFOPLIST_KEY_UILaunchScreen_Generation = YES;
				INFOPLIST_KEY_UISupportedInterfaceOrientations_iPad = "UIInterfaceOrientationPortrait UIInterfaceOrientationPortraitUpsideDown UIInterfaceOrientationLandscapeLeft UIInterfaceOrientationLandscapeRight";
				INFOPLIST_KEY_UISupportedInterfaceOrientations_iPhone = "UIInterfaceOrientationPortrait UIInterfaceOrientationLandscapeLeft UIInterfaceOrientationLandscapeRight";
				LD_RUNPATH_SEARCH_PATHS = (
					"$(inherited)",
					"@executable_path/Frameworks",
				);
				MARKETING_VERSION = 1.0;
				PRODUCT_BUNDLE_IDENTIFIER = com.ageCalculator;
				PRODUCT_NAME = "$(TARGET_NAME)";
				SWIFT_EMIT_LOC_STRINGS = YES;
				SWIFT_VERSION = 5.0;
				TARGETED_DEVICE_FAMILY = "1,2";
			};
			name = Release;
		};
		A7EFE4602B5D869B00D13B53 /* Debug */ = {
			isa = XCBuildConfiguration;
			buildSettings = {
				ALWAYS_EMBED_SWIFT_STANDARD_LIBRARIES = YES;
				BUNDLE_LOADER = "$(TEST_HOST)";
				CODE_SIGN_STYLE = Automatic;
				CURRENT_PROJECT_VERSION = 1;
				DEVELOPMENT_TEAM = RZB5WTQ7UH;
				GENERATE_INFOPLIST_FILE = YES;
				IPHONEOS_DEPLOYMENT_TARGET = 17.2;
				MARKETING_VERSION = 1.0;
				PRODUCT_BUNDLE_IDENTIFIER = com.hakanor.AgeCalculatorTests;
				PRODUCT_NAME = "$(TARGET_NAME)";
				SWIFT_EMIT_LOC_STRINGS = NO;
				SWIFT_VERSION = 5.0;
				TARGETED_DEVICE_FAMILY = "1,2";
				TEST_HOST = "$(BUILT_PRODUCTS_DIR)/AgeCalculator.app/$(BUNDLE_EXECUTABLE_FOLDER_PATH)/AgeCalculator";
			};
			name = Debug;
		};
		A7EFE4612B5D869B00D13B53 /* Release */ = {
			isa = XCBuildConfiguration;
			buildSettings = {
				ALWAYS_EMBED_SWIFT_STANDARD_LIBRARIES = YES;
				BUNDLE_LOADER = "$(TEST_HOST)";
				CODE_SIGN_STYLE = Automatic;
				CURRENT_PROJECT_VERSION = 1;
				DEVELOPMENT_TEAM = RZB5WTQ7UH;
				GENERATE_INFOPLIST_FILE = YES;
				IPHONEOS_DEPLOYMENT_TARGET = 17.2;
				MARKETING_VERSION = 1.0;
				PRODUCT_BUNDLE_IDENTIFIER = com.hakanor.AgeCalculatorTests;
				PRODUCT_NAME = "$(TARGET_NAME)";
				SWIFT_EMIT_LOC_STRINGS = NO;
				SWIFT_VERSION = 5.0;
				TARGETED_DEVICE_FAMILY = "1,2";
				TEST_HOST = "$(BUILT_PRODUCTS_DIR)/AgeCalculator.app/$(BUNDLE_EXECUTABLE_FOLDER_PATH)/AgeCalculator";
			};
			name = Release;
		};
		A7EFE4632B5D869B00D13B53 /* Debug */ = {
			isa = XCBuildConfiguration;
			buildSettings = {
				ALWAYS_EMBED_SWIFT_STANDARD_LIBRARIES = YES;
				CODE_SIGN_STYLE = Automatic;
				CURRENT_PROJECT_VERSION = 1;
				DEVELOPMENT_TEAM = RZB5WTQ7UH;
				GENERATE_INFOPLIST_FILE = YES;
				MARKETING_VERSION = 1.0;
				PRODUCT_BUNDLE_IDENTIFIER = com.hakanor.AgeCalculatorUITests;
				PRODUCT_NAME = "$(TARGET_NAME)";
				SWIFT_EMIT_LOC_STRINGS = NO;
				SWIFT_VERSION = 5.0;
				TARGETED_DEVICE_FAMILY = "1,2";
				TEST_TARGET_NAME = AgeCalculator;
			};
			name = Debug;
		};
		A7EFE4642B5D869B00D13B53 /* Release */ = {
			isa = XCBuildConfiguration;
			buildSettings = {
				ALWAYS_EMBED_SWIFT_STANDARD_LIBRARIES = YES;
				CODE_SIGN_STYLE = Automatic;
				CURRENT_PROJECT_VERSION = 1;
				DEVELOPMENT_TEAM = RZB5WTQ7UH;
				GENERATE_INFOPLIST_FILE = YES;
				MARKETING_VERSION = 1.0;
				PRODUCT_BUNDLE_IDENTIFIER = com.hakanor.AgeCalculatorUITests;
				PRODUCT_NAME = "$(TARGET_NAME)";
				SWIFT_EMIT_LOC_STRINGS = NO;
				SWIFT_VERSION = 5.0;
				TARGETED_DEVICE_FAMILY = "1,2";
				TEST_TARGET_NAME = AgeCalculator;
			};
			name = Release;
		};
/* End XCBuildConfiguration section */

/* Begin XCConfigurationList section */
		A7EFE4332B5D869A00D13B53 /* Build configuration list for PBXProject "AgeCalculator" */ = {
			isa = XCConfigurationList;
			buildConfigurations = (
				A7EFE45A2B5D869B00D13B53 /* Debug */,
				A7EFE45B2B5D869B00D13B53 /* Release */,
			);
			defaultConfigurationIsVisible = 0;
			defaultConfigurationName = Release;
		};
		A7EFE45C2B5D869B00D13B53 /* Build configuration list for PBXNativeTarget "AgeCalculator" */ = {
			isa = XCConfigurationList;
			buildConfigurations = (
				A7EFE45D2B5D869B00D13B53 /* Debug */,
				A7EFE45E2B5D869B00D13B53 /* Release */,
			);
			defaultConfigurationIsVisible = 0;
			defaultConfigurationName = Release;
		};
		A7EFE45F2B5D869B00D13B53 /* Build configuration list for PBXNativeTarget "AgeCalculatorTests" */ = {
			isa = XCConfigurationList;
			buildConfigurations = (
				A7EFE4602B5D869B00D13B53 /* Debug */,
				A7EFE4612B5D869B00D13B53 /* Release */,
			);
			defaultConfigurationIsVisible = 0;
			defaultConfigurationName = Release;
		};
		A7EFE4622B5D869B00D13B53 /* Build configuration list for PBXNativeTarget "AgeCalculatorUITests" */ = {
			isa = XCConfigurationList;
			buildConfigurations = (
				A7EFE4632B5D869B00D13B53 /* Debug */,
				A7EFE4642B5D869B00D13B53 /* Release */,
			);
			defaultConfigurationIsVisible = 0;
			defaultConfigurationName = Release;
		};
/* End XCConfigurationList section */
	};
	rootObject = A7EFE4302B5D869A00D13B53 /* Project object */;
}
